// !$*UTF8*$!
{
	archiveVersion = 1;
	classes = {
	};
	objectVersion = 55;
	objects = {

/* Begin PBXBuildFile section */
		1A635C4128127E5C0087425B /* AppDelegate.swift in Sources */ = {isa = PBXBuildFile; fileRef = 1A635C4028127E5C0087425B /* AppDelegate.swift */; };
		1A635C4328127E5C0087425B /* SceneDelegate.swift in Sources */ = {isa = PBXBuildFile; fileRef = 1A635C4228127E5C0087425B /* SceneDelegate.swift */; };
		1A635C4528127E5C0087425B /* ViewController.swift in Sources */ = {isa = PBXBuildFile; fileRef = 1A635C4428127E5C0087425B /* ViewController.swift */; };
		1A635C4828127E5C0087425B /* Main.storyboard in Resources */ = {isa = PBXBuildFile; fileRef = 1A635C4628127E5C0087425B /* Main.storyboard */; };
		1A635C4A28127E5E0087425B /* Assets.xcassets in Resources */ = {isa = PBXBuildFile; fileRef = 1A635C4928127E5E0087425B /* Assets.xcassets */; };
		1A635C4D28127E5E0087425B /* LaunchScreen.storyboard in Resources */ = {isa = PBXBuildFile; fileRef = 1A635C4B28127E5E0087425B /* LaunchScreen.storyboard */; };
		1A635C5828127E5E0087425B /* testNatch2022Tests.swift in Sources */ = {isa = PBXBuildFile; fileRef = 1A635C5728127E5E0087425B /* testNatch2022Tests.swift */; };
		1A635C6228127E5E0087425B /* testNatch2022UITests.swift in Sources */ = {isa = PBXBuildFile; fileRef = 1A635C6128127E5E0087425B /* testNatch2022UITests.swift */; };
		1A635C6428127E5E0087425B /* testNatch2022UITestsLaunchTests.swift in Sources */ = {isa = PBXBuildFile; fileRef = 1A635C6328127E5E0087425B /* testNatch2022UITestsLaunchTests.swift */; };
/* End PBXBuildFile section */

/* Begin PBXContainerItemProxy section */
		1A635C5428127E5E0087425B /* PBXContainerItemProxy */ = {
			isa = PBXContainerItemProxy;
			containerPortal = 1A635C3528127E5B0087425B /* Project object */;
			proxyType = 1;
			remoteGlobalIDString = 1A635C3C28127E5C0087425B;
			remoteInfo = testNatch2022;
		};
		1A635C5E28127E5E0087425B /* PBXContainerItemProxy */ = {
			isa = PBXContainerItemProxy;
			containerPortal = 1A635C3528127E5B0087425B /* Project object */;
			proxyType = 1;
			remoteGlobalIDString = 1A635C3C28127E5C0087425B;
			remoteInfo = testNatch2022;
		};
/* End PBXContainerItemProxy section */

/* Begin PBXFileReference section */
		1A635C3D28127E5C0087425B /* testNatch2022.app */ = {isa = PBXFileReference; explicitFileType = wrapper.application; includeInIndex = 0; path = testNatch2022.app; sourceTree = BUILT_PRODUCTS_DIR; };
		1A635C4028127E5C0087425B /* AppDelegate.swift */ = {isa = PBXFileReference; lastKnownFileType = sourcecode.swift; path = AppDelegate.swift; sourceTree = "<group>"; };
		1A635C4228127E5C0087425B /* SceneDelegate.swift */ = {isa = PBXFileReference; lastKnownFileType = sourcecode.swift; path = SceneDelegate.swift; sourceTree = "<group>"; };
		1A635C4428127E5C0087425B /* ViewController.swift */ = {isa = PBXFileReference; lastKnownFileType = sourcecode.swift; path = ViewController.swift; sourceTree = "<group>"; };
		1A635C4728127E5C0087425B /* Base */ = {isa = PBXFileReference; lastKnownFileType = file.storyboard; name = Base; path = Base.lproj/Main.storyboard; sourceTree = "<group>"; };
		1A635C4928127E5E0087425B /* Assets.xcassets */ = {isa = PBXFileReference; lastKnownFileType = folder.assetcatalog; path = Assets.xcassets; sourceTree = "<group>"; };
		1A635C4C28127E5E0087425B /* Base */ = {isa = PBXFileReference; lastKnownFileType = file.storyboard; name = Base; path = Base.lproj/LaunchScreen.storyboard; sourceTree = "<group>"; };
		1A635C4E28127E5E0087425B /* Info.plist */ = {isa = PBXFileReference; lastKnownFileType = text.plist.xml; path = Info.plist; sourceTree = "<group>"; };
		1A635C5328127E5E0087425B /* testNatch2022Tests.xctest */ = {isa = PBXFileReference; explicitFileType = wrapper.cfbundle; includeInIndex = 0; path = testNatch2022Tests.xctest; sourceTree = BUILT_PRODUCTS_DIR; };
		1A635C5728127E5E0087425B /* testNatch2022Tests.swift */ = {isa = PBXFileReference; lastKnownFileType = sourcecode.swift; path = testNatch2022Tests.swift; sourceTree = "<group>"; };
		1A635C5D28127E5E0087425B /* testNatch2022UITests.xctest */ = {isa = PBXFileReference; explicitFileType = wrapper.cfbundle; includeInIndex = 0; path = testNatch2022UITests.xctest; sourceTree = BUILT_PRODUCTS_DIR; };
		1A635C6128127E5E0087425B /* testNatch2022UITests.swift */ = {isa = PBXFileReference; lastKnownFileType = sourcecode.swift; path = testNatch2022UITests.swift; sourceTree = "<group>"; };
		1A635C6328127E5E0087425B /* testNatch2022UITestsLaunchTests.swift */ = {isa = PBXFileReference; lastKnownFileType = sourcecode.swift; path = testNatch2022UITestsLaunchTests.swift; sourceTree = "<group>"; };
/* End PBXFileReference section */

/* Begin PBXFrameworksBuildPhase section */
		1A635C3A28127E5C0087425B /* Frameworks */ = {
			isa = PBXFrameworksBuildPhase;
			buildActionMask = 2147483647;
			files = (
			);
			runOnlyForDeploymentPostprocessing = 0;
		};
		1A635C5028127E5E0087425B /* Frameworks */ = {
			isa = PBXFrameworksBuildPhase;
			buildActionMask = 2147483647;
			files = (
			);
			runOnlyForDeploymentPostprocessing = 0;
		};
		1A635C5A28127E5E0087425B /* Frameworks */ = {
			isa = PBXFrameworksBuildPhase;
			buildActionMask = 2147483647;
			files = (
			);
			runOnlyForDeploymentPostprocessing = 0;
		};
/* End PBXFrameworksBuildPhase section */

/* Begin PBXGroup section */
		1A635C3428127E5B0087425B = {
			isa = PBXGroup;
			children = (
				1A635C3F28127E5C0087425B /* testNatch2022 */,
				1A635C5628127E5E0087425B /* testNatch2022Tests */,
				1A635C6028127E5E0087425B /* testNatch2022UITests */,
				1A635C3E28127E5C0087425B /* Products */,
			);
			sourceTree = "<group>";
		};
		1A635C3E28127E5C0087425B /* Products */ = {
			isa = PBXGroup;
			children = (
				1A635C3D28127E5C0087425B /* testNatch2022.app */,
				1A635C5328127E5E0087425B /* testNatch2022Tests.xctest */,
				1A635C5D28127E5E0087425B /* testNatch2022UITests.xctest */,
			);
			name = Products;
			sourceTree = "<group>";
		};
		1A635C3F28127E5C0087425B /* testNatch2022 */ = {
			isa = PBXGroup;
			children = (
				1A635C4028127E5C0087425B /* AppDelegate.swift */,
				1A635C4228127E5C0087425B /* SceneDelegate.swift */,
				1A635C4428127E5C0087425B /* ViewController.swift */,
				1A635C4628127E5C0087425B /* Main.storyboard */,
				1A635C4928127E5E0087425B /* Assets.xcassets */,
				1A635C4B28127E5E0087425B /* LaunchScreen.storyboard */,
				1A635C4E28127E5E0087425B /* Info.plist */,
			);
			path = testNatch2022;
			sourceTree = "<group>";
		};
		1A635C5628127E5E0087425B /* testNatch2022Tests */ = {
			isa = PBXGroup;
			children = (
				1A635C5728127E5E0087425B /* testNatch2022Tests.swift */,
			);
			path = testNatch2022Tests;
			sourceTree = "<group>";
		};
		1A635C6028127E5E0087425B /* testNatch2022UITests */ = {
			isa = PBXGroup;
			children = (
				1A635C6128127E5E0087425B /* testNatch2022UITests.swift */,
				1A635C6328127E5E0087425B /* testNatch2022UITestsLaunchTests.swift */,
			);
			path = testNatch2022UITests;
			sourceTree = "<group>";
		};
/* End PBXGroup section */

/* Begin PBXNativeTarget section */
		1A635C3C28127E5C0087425B /* testNatch2022 */ = {
			isa = PBXNativeTarget;
			buildConfigurationList = 1A635C6728127E5E0087425B /* Build configuration list for PBXNativeTarget "testNatch2022" */;
			buildPhases = (
				1A635C3928127E5C0087425B /* Sources */,
				1A635C3A28127E5C0087425B /* Frameworks */,
				1A635C3B28127E5C0087425B /* Resources */,
			);
			buildRules = (
			);
			dependencies = (
			);
			name = testNatch2022;
			productName = testNatch2022;
			productReference = 1A635C3D28127E5C0087425B /* testNatch2022.app */;
			productType = "com.apple.product-type.application";
		};
		1A635C5228127E5E0087425B /* testNatch2022Tests */ = {
			isa = PBXNativeTarget;
			buildConfigurationList = 1A635C6A28127E5E0087425B /* Build configuration list for PBXNativeTarget "testNatch2022Tests" */;
			buildPhases = (
				1A635C4F28127E5E0087425B /* Sources */,
				1A635C5028127E5E0087425B /* Frameworks */,
				1A635C5128127E5E0087425B /* Resources */,
			);
			buildRules = (
			);
			dependencies = (
				1A635C5528127E5E0087425B /* PBXTargetDependency */,
			);
			name = testNatch2022Tests;
			productName = testNatch2022Tests;
			productReference = 1A635C5328127E5E0087425B /* testNatch2022Tests.xctest */;
			productType = "com.apple.product-type.bundle.unit-test";
		};
		1A635C5C28127E5E0087425B /* testNatch2022UITests */ = {
			isa = PBXNativeTarget;
			buildConfigurationList = 1A635C6D28127E5E0087425B /* Build configuration list for PBXNativeTarget "testNatch2022UITests" */;
			buildPhases = (
				1A635C5928127E5E0087425B /* Sources */,
				1A635C5A28127E5E0087425B /* Frameworks */,
				1A635C5B28127E5E0087425B /* Resources */,
			);
			buildRules = (
			);
			dependencies = (
				1A635C5F28127E5E0087425B /* PBXTargetDependency */,
			);
			name = testNatch2022UITests;
			productName = testNatch2022UITests;
			productReference = 1A635C5D28127E5E0087425B /* testNatch2022UITests.xctest */;
			productType = "com.apple.product-type.bundle.ui-testing";
		};
/* End PBXNativeTarget section */

/* Begin PBXProject section */
		1A635C3528127E5B0087425B /* Project object */ = {
			isa = PBXProject;
			attributes = {
				BuildIndependentTargetsInParallel = 1;
				LastSwiftUpdateCheck = 1320;
				LastUpgradeCheck = 1320;
				TargetAttributes = {
					1A635C3C28127E5C0087425B = {
						CreatedOnToolsVersion = 13.2.1;
					};
					1A635C5228127E5E0087425B = {
						CreatedOnToolsVersion = 13.2.1;
						TestTargetID = 1A635C3C28127E5C0087425B;
					};
					1A635C5C28127E5E0087425B = {
						CreatedOnToolsVersion = 13.2.1;
						TestTargetID = 1A635C3C28127E5C0087425B;
					};
				};
			};
			buildConfigurationList = 1A635C3828127E5B0087425B /* Build configuration list for PBXProject "testNatch2022" */;
			compatibilityVersion = "Xcode 13.0";
			developmentRegion = en;
			hasScannedForEncodings = 0;
			knownRegions = (
				en,
				Base,
			);
			mainGroup = 1A635C3428127E5B0087425B;
			productRefGroup = 1A635C3E28127E5C0087425B /* Products */;
			projectDirPath = "";
			projectRoot = "";
			targets = (
				1A635C3C28127E5C0087425B /* testNatch2022 */,
				1A635C5228127E5E0087425B /* testNatch2022Tests */,
				1A635C5C28127E5E0087425B /* testNatch2022UITests */,
			);
		};
/* End PBXProject section */

/* Begin PBXResourcesBuildPhase section */
		1A635C3B28127E5C0087425B /* Resources */ = {
			isa = PBXResourcesBuildPhase;
			buildActionMask = 2147483647;
			files = (
				1A635C4D28127E5E0087425B /* LaunchScreen.storyboard in Resources */,
				1A635C4A28127E5E0087425B /* Assets.xcassets in Resources */,
				1A635C4828127E5C0087425B /* Main.storyboard in Resources */,
			);
			runOnlyForDeploymentPostprocessing = 0;
		};
		1A635C5128127E5E0087425B /* Resources */ = {
			isa = PBXResourcesBuildPhase;
			buildActionMask = 2147483647;
			files = (
			);
			runOnlyForDeploymentPostprocessing = 0;
		};
		1A635C5B28127E5E0087425B /* Resources */ = {
			isa = PBXResourcesBuildPhase;
			buildActionMask = 2147483647;
			files = (
			);
			runOnlyForDeploymentPostprocessing = 0;
		};
/* End PBXResourcesBuildPhase section */

/* Begin PBXSourcesBuildPhase section */
		1A635C3928127E5C0087425B /* Sources */ = {
			isa = PBXSourcesBuildPhase;
			buildActionMask = 2147483647;
			files = (
				1A635C4528127E5C0087425B /* ViewController.swift in Sources */,
				1A635C4128127E5C0087425B /* AppDelegate.swift in Sources */,
				1A635C4328127E5C0087425B /* SceneDelegate.swift in Sources */,
			);
			runOnlyForDeploymentPostprocessing = 0;
		};
		1A635C4F28127E5E0087425B /* Sources */ = {
			isa = PBXSourcesBuildPhase;
			buildActionMask = 2147483647;
			files = (
				1A635C5828127E5E0087425B /* testNatch2022Tests.swift in Sources */,
			);
			runOnlyForDeploymentPostprocessing = 0;
		};
		1A635C5928127E5E0087425B /* Sources */ = {
			isa = PBXSourcesBuildPhase;
			buildActionMask = 2147483647;
			files = (
				1A635C6228127E5E0087425B /* testNatch2022UITests.swift in Sources */,
				1A635C6428127E5E0087425B /* testNatch2022UITestsLaunchTests.swift in Sources */,
			);
			runOnlyForDeploymentPostprocessing = 0;
		};
/* End PBXSourcesBuildPhase section */

/* Begin PBXTargetDependency section */
		1A635C5528127E5E0087425B /* PBXTargetDependency */ = {
			isa = PBXTargetDependency;
			target = 1A635C3C28127E5C0087425B /* testNatch2022 */;
			targetProxy = 1A635C5428127E5E0087425B /* PBXContainerItemProxy */;
		};
		1A635C5F28127E5E0087425B /* PBXTargetDependency */ = {
			isa = PBXTargetDependency;
			target = 1A635C3C28127E5C0087425B /* testNatch2022 */;
			targetProxy = 1A635C5E28127E5E0087425B /* PBXContainerItemProxy */;
		};
/* End PBXTargetDependency section */

/* Begin PBXVariantGroup section */
		1A635C4628127E5C0087425B /* Main.storyboard */ = {
			isa = PBXVariantGroup;
			children = (
				1A635C4728127E5C0087425B /* Base */,
			);
			name = Main.storyboard;
			sourceTree = "<group>";
		};
		1A635C4B28127E5E0087425B /* LaunchScreen.storyboard */ = {
			isa = PBXVariantGroup;
			children = (
				1A635C4C28127E5E0087425B /* Base */,
			);
			name = LaunchScreen.storyboard;
			sourceTree = "<group>";
		};
/* End PBXVariantGroup section */

/* Begin XCBuildConfiguration section */
		1A635C6528127E5E0087425B /* Debug */ = {
			isa = XCBuildConfiguration;
			buildSettings = {
				ALWAYS_SEARCH_USER_PATHS = NO;
				CLANG_ANALYZER_NONNULL = YES;
				CLANG_ANALYZER_NUMBER_OBJECT_CONVERSION = YES_AGGRESSIVE;
				CLANG_CXX_LANGUAGE_STANDARD = "gnu++17";
				CLANG_CXX_LIBRARY = "libc++";
				CLANG_ENABLE_MODULES = YES;
				CLANG_ENABLE_OBJC_ARC = YES;
				CLANG_ENABLE_OBJC_WEAK = YES;
				CLANG_WARN_BLOCK_CAPTURE_AUTORELEASING = YES;
				CLANG_WARN_BOOL_CONVERSION = YES;
				CLANG_WARN_COMMA = YES;
				CLANG_WARN_CONSTANT_CONVERSION = YES;
				CLANG_WARN_DEPRECATED_OBJC_IMPLEMENTATIONS = YES;
				CLANG_WARN_DIRECT_OBJC_ISA_USAGE = YES_ERROR;
				CLANG_WARN_DOCUMENTATION_COMMENTS = YES;
				CLANG_WARN_EMPTY_BODY = YES;
				CLANG_WARN_ENUM_CONVERSION = YES;
				CLANG_WARN_INFINITE_RECURSION = YES;
				CLANG_WARN_INT_CONVERSION = YES;
				CLANG_WARN_NON_LITERAL_NULL_CONVERSION = YES;
				CLANG_WARN_OBJC_IMPLICIT_RETAIN_SELF = YES;
				CLANG_WARN_OBJC_LITERAL_CONVERSION = YES;
				CLANG_WARN_OBJC_ROOT_CLASS = YES_ERROR;
				CLANG_WARN_QUOTED_INCLUDE_IN_FRAMEWORK_HEADER = YES;
				CLANG_WARN_RANGE_LOOP_ANALYSIS = YES;
				CLANG_WARN_STRICT_PROTOTYPES = YES;
				CLANG_WARN_SUSPICIOUS_MOVE = YES;
				CLANG_WARN_UNGUARDED_AVAILABILITY = YES_AGGRESSIVE;
				CLANG_WARN_UNREACHABLE_CODE = YES;
				CLANG_WARN__DUPLICATE_METHOD_MATCH = YES;
				COPY_PHASE_STRIP = NO;
				DEBUG_INFORMATION_FORMAT = dwarf;
				ENABLE_STRICT_OBJC_MSGSEND = YES;
				ENABLE_TESTABILITY = YES;
				GCC_C_LANGUAGE_STANDARD = gnu11;
				GCC_DYNAMIC_NO_PIC = NO;
				GCC_NO_COMMON_BLOCKS = YES;
				GCC_OPTIMIZATION_LEVEL = 0;
				GCC_PREPROCESSOR_DEFINITIONS = (
					"DEBUG=1",
					"$(inherited)",
				);
				GCC_WARN_64_TO_32_BIT_CONVERSION = YES;
				GCC_WARN_ABOUT_RETURN_TYPE = YES_ERROR;
				GCC_WARN_UNDECLARED_SELECTOR = YES;
				GCC_WARN_UNINITIALIZED_AUTOS = YES_AGGRESSIVE;
				GCC_WARN_UNUSED_FUNCTION = YES;
				GCC_WARN_UNUSED_VARIABLE = YES;
				IPHONEOS_DEPLOYMENT_TARGET = 15.2;
				MTL_ENABLE_DEBUG_INFO = INCLUDE_SOURCE;
				MTL_FAST_MATH = YES;
				ONLY_ACTIVE_ARCH = YES;
				SDKROOT = iphoneos;
				SWIFT_ACTIVE_COMPILATION_CONDITIONS = DEBUG;
				SWIFT_OPTIMIZATION_LEVEL = "-Onone";
			};
			name = Debug;
		};
		1A635C6628127E5E0087425B /* Release */ = {
			isa = XCBuildConfiguration;
			buildSettings = {
				ALWAYS_SEARCH_USER_PATHS = NO;
				CLANG_ANALYZER_NONNULL = YES;
				CLANG_ANALYZER_NUMBER_OBJECT_CONVERSION = YES_AGGRESSIVE;
				CLANG_CXX_LANGUAGE_STANDARD = "gnu++17";
				CLANG_CXX_LIBRARY = "libc++";
				CLANG_ENABLE_MODULES = YES;
				CLANG_ENABLE_OBJC_ARC = YES;
				CLANG_ENABLE_OBJC_WEAK = YES;
				CLANG_WARN_BLOCK_CAPTURE_AUTORELEASING = YES;
				CLANG_WARN_BOOL_CONVERSION = YES;
				CLANG_WARN_COMMA = YES;
				CLANG_WARN_CONSTANT_CONVERSION = YES;
				CLANG_WARN_DEPRECATED_OBJC_IMPLEMENTATIONS = YES;
				CLANG_WARN_DIRECT_OBJC_ISA_USAGE = YES_ERROR;
				CLANG_WARN_DOCUMENTATION_COMMENTS = YES;
				CLANG_WARN_EMPTY_BODY = YES;
				CLANG_WARN_ENUM_CONVERSION = YES;
				CLANG_WARN_INFINITE_RECURSION = YES;
				CLANG_WARN_INT_CONVERSION = YES;
				CLANG_WARN_NON_LITERAL_NULL_CONVERSION = YES;
				CLANG_WARN_OBJC_IMPLICIT_RETAIN_SELF = YES;
				CLANG_WARN_OBJC_LITERAL_CONVERSION = YES;
				CLANG_WARN_OBJC_ROOT_CLASS = YES_ERROR;
				CLANG_WARN_QUOTED_INCLUDE_IN_FRAMEWORK_HEADER = YES;
				CLANG_WARN_RANGE_LOOP_ANALYSIS = YES;
				CLANG_WARN_STRICT_PROTOTYPES = YES;
				CLANG_WARN_SUSPICIOUS_MOVE = YES;
				CLANG_WARN_UNGUARDED_AVAILABILITY = YES_AGGRESSIVE;
				CLANG_WARN_UNREACHABLE_CODE = YES;
				CLANG_WARN__DUPLICATE_METHOD_MATCH = YES;
				COPY_PHASE_STRIP = NO;
				DEBUG_INFORMATION_FORMAT = "dwarf-with-dsym";
				ENABLE_NS_ASSERTIONS = NO;
				ENABLE_STRICT_OBJC_MSGSEND = YES;
				GCC_C_LANGUAGE_STANDARD = gnu11;
				GCC_NO_COMMON_BLOCKS = YES;
				GCC_WARN_64_TO_32_BIT_CONVERSION = YES;
				GCC_WARN_ABOUT_RETURN_TYPE = YES_ERROR;
				GCC_WARN_UNDECLARED_SELECTOR = YES;
				GCC_WARN_UNINITIALIZED_AUTOS = YES_AGGRESSIVE;
				GCC_WARN_UNUSED_FUNCTION = YES;
				GCC_WARN_UNUSED_VARIABLE = YES;
				IPHONEOS_DEPLOYMENT_TARGET = 15.2;
				MTL_ENABLE_DEBUG_INFO = NO;
				MTL_FAST_MATH = YES;
				SDKROOT = iphoneos;
				SWIFT_COMPILATION_MODE = wholemodule;
				SWIFT_OPTIMIZATION_LEVEL = "-O";
				VALIDATE_PRODUCT = YES;
			};
			name = Release;
		};
		1A635C6828127E5E0087425B /* Debug */ = {
			isa = XCBuildConfiguration;
			buildSettings = {
				ASSETCATALOG_COMPILER_APPICON_NAME = AppIcon;
				ASSETCATALOG_COMPILER_GLOBAL_ACCENT_COLOR_NAME = AccentColor;
				CODE_SIGN_STYLE = Automatic;
				CURRENT_PROJECT_VERSION = 1;
				DEVELOPMENT_TEAM = 94N33JJK6J;
				GENERATE_INFOPLIST_FILE = YES;
				INFOPLIST_FILE = testNatch2022/Info.plist;
				INFOPLIST_KEY_UIApplicationSupportsIndirectInputEvents = YES;
				INFOPLIST_KEY_UILaunchStoryboardName = LaunchScreen;
				INFOPLIST_KEY_UIMainStoryboardFile = Main;
				INFOPLIST_KEY_UISupportedInterfaceOrientations_iPad = "UIInterfaceOrientationPortrait UIInterfaceOrientationPortraitUpsideDown UIInterfaceOrientationLandscapeLeft UIInterfaceOrientationLandscapeRight";
				INFOPLIST_KEY_UISupportedInterfaceOrientations_iPhone = "UIInterfaceOrientationPortrait UIInterfaceOrientationLandscapeLeft UIInterfaceOrientationLandscapeRight";
				LD_RUNPATH_SEARCH_PATHS = (
					"$(inherited)",
					"@executable_path/Frameworks",
				);
				MARKETING_VERSION = 1.0;
				PRODUCT_BUNDLE_IDENTIFIER = com.luanroad.testNatch2022;
				PRODUCT_NAME = "$(TARGET_NAME)";
				SWIFT_EMIT_LOC_STRINGS = YES;
				SWIFT_VERSION = 5.0;
				TARGETED_DEVICE_FAMILY = "1,2";
			};
			name = Debug;
		};
		1A635C6928127E5E0087425B /* Release */ = {
			isa = XCBuildConfiguration;
			buildSettings = {
				ASSETCATALOG_COMPILER_APPICON_NAME = AppIcon;
				ASSETCATALOG_COMPILER_GLOBAL_ACCENT_COLOR_NAME = AccentColor;
				CODE_SIGN_STYLE = Automatic;
				CURRENT_PROJECT_VERSION = 1;
				DEVELOPMENT_TEAM = 94N33JJK6J;
				GENERATE_INFOPLIST_FILE = YES;
				INFOPLIST_FILE = testNatch2022/Info.plist;
				INFOPLIST_KEY_UIApplicationSupportsIndirectInputEvents = YES;
				INFOPLIST_KEY_UILaunchStoryboardName = LaunchScreen;
				INFOPLIST_KEY_UIMainStoryboardFile = Main;
				INFOPLIST_KEY_UISupportedInterfaceOrientations_iPad = "UIInterfaceOrientationPortrait UIInterfaceOrientationPortraitUpsideDown UIInterfaceOrientationLandscapeLeft UIInterfaceOrientationLandscapeRight";
				INFOPLIST_KEY_UISupportedInterfaceOrientations_iPhone = "UIInterfaceOrientationPortrait UIInterfaceOrientationLandscapeLeft UIInterfaceOrientationLandscapeRight";
				LD_RUNPATH_SEARCH_PATHS = (
					"$(inherited)",
					"@executable_path/Frameworks",
				);
				MARKETING_VERSION = 1.0;
				PRODUCT_BUNDLE_IDENTIFIER = com.luanroad.testNatch2022;
				PRODUCT_NAME = "$(TARGET_NAME)";
				SWIFT_EMIT_LOC_STRINGS = YES;
				SWIFT_VERSION = 5.0;
				TARGETED_DEVICE_FAMILY = "1,2";
			};
			name = Release;
		};
		1A635C6B28127E5E0087425B /* Debug */ = {
			isa = XCBuildConfiguration;
			buildSettings = {
				ALWAYS_EMBED_SWIFT_STANDARD_LIBRARIES = YES;
				BUNDLE_LOADER = "$(TEST_HOST)";
				CODE_SIGN_STYLE = Automatic;
				CURRENT_PROJECT_VERSION = 1;
				DEVELOPMENT_TEAM = 94N33JJK6J;
				GENERATE_INFOPLIST_FILE = YES;
				IPHONEOS_DEPLOYMENT_TARGET = 15.2;
				MARKETING_VERSION = 1.0;
				PRODUCT_BUNDLE_IDENTIFIER = com.luanroad.testNatch2022Tests;
				PRODUCT_NAME = "$(TARGET_NAME)";
				SWIFT_EMIT_LOC_STRINGS = NO;
				SWIFT_VERSION = 5.0;
				TARGETED_DEVICE_FAMILY = "1,2";
				TEST_HOST = "$(BUILT_PRODUCTS_DIR)/testNatch2022.app/testNatch2022";
			};
			name = Debug;
		};
		1A635C6C28127E5E0087425B /* Release */ = {
			isa = XCBuildConfiguration;
			buildSettings = {
				ALWAYS_EMBED_SWIFT_STANDARD_LIBRARIES = YES;
				BUNDLE_LOADER = "$(TEST_HOST)";
				CODE_SIGN_STYLE = Automatic;
				CURRENT_PROJECT_VERSION = 1;
				DEVELOPMENT_TEAM = 94N33JJK6J;
				GENERATE_INFOPLIST_FILE = YES;
				IPHONEOS_DEPLOYMENT_TARGET = 15.2;
				MARKETING_VERSION = 1.0;
				PRODUCT_BUNDLE_IDENTIFIER = com.luanroad.testNatch2022Tests;
				PRODUCT_NAME = "$(TARGET_NAME)";
				SWIFT_EMIT_LOC_STRINGS = NO;
				SWIFT_VERSION = 5.0;
				TARGETED_DEVICE_FAMILY = "1,2";
				TEST_HOST = "$(BUILT_PRODUCTS_DIR)/testNatch2022.app/testNatch2022";
			};
			name = Release;
		};
		1A635C6E28127E5E0087425B /* Debug */ = {
			isa = XCBuildConfiguration;
			buildSettings = {
				ALWAYS_EMBED_SWIFT_STANDARD_LIBRARIES = YES;
				CODE_SIGN_STYLE = Automatic;
				CURRENT_PROJECT_VERSION = 1;
				DEVELOPMENT_TEAM = 94N33JJK6J;
				GENERATE_INFOPLIST_FILE = YES;
				MARKETING_VERSION = 1.0;
				PRODUCT_BUNDLE_IDENTIFIER = com.luanroad.testNatch2022UITests;
				PRODUCT_NAME = "$(TARGET_NAME)";
				SWIFT_EMIT_LOC_STRINGS = NO;
				SWIFT_VERSION = 5.0;
				TARGETED_DEVICE_FAMILY = "1,2";
				TEST_TARGET_NAME = testNatch2022;
			};
			name = Debug;
		};
		1A635C6F28127E5E0087425B /* Release */ = {
			isa = XCBuildConfiguration;
			buildSettings = {
				ALWAYS_EMBED_SWIFT_STANDARD_LIBRARIES = YES;
				CODE_SIGN_STYLE = Automatic;
				CURRENT_PROJECT_VERSION = 1;
				DEVELOPMENT_TEAM = 94N33JJK6J;
				GENERATE_INFOPLIST_FILE = YES;
				MARKETING_VERSION = 1.0;
				PRODUCT_BUNDLE_IDENTIFIER = com.luanroad.testNatch2022UITests;
				PRODUCT_NAME = "$(TARGET_NAME)";
				SWIFT_EMIT_LOC_STRINGS = NO;
				SWIFT_VERSION = 5.0;
				TARGETED_DEVICE_FAMILY = "1,2";
				TEST_TARGET_NAME = testNatch2022;
			};
			name = Release;
		};
/* End XCBuildConfiguration section */

/* Begin XCConfigurationList section */
		1A635C3828127E5B0087425B /* Build configuration list for PBXProject "testNatch2022" */ = {
			isa = XCConfigurationList;
			buildConfigurations = (
				1A635C6528127E5E0087425B /* Debug */,
				1A635C6628127E5E0087425B /* Release */,
			);
			defaultConfigurationIsVisible = 0;
			defaultConfigurationName = Release;
		};
		1A635C6728127E5E0087425B /* Build configuration list for PBXNativeTarget "testNatch2022" */ = {
			isa = XCConfigurationList;
			buildConfigurations = (
				1A635C6828127E5E0087425B /* Debug */,
				1A635C6928127E5E0087425B /* Release */,
			);
			defaultConfigurationIsVisible = 0;
			defaultConfigurationName = Release;
		};
		1A635C6A28127E5E0087425B /* Build configuration list for PBXNativeTarget "testNatch2022Tests" */ = {
			isa = XCConfigurationList;
			buildConfigurations = (
				1A635C6B28127E5E0087425B /* Debug */,
				1A635C6C28127E5E0087425B /* Release */,
			);
			defaultConfigurationIsVisible = 0;
			defaultConfigurationName = Release;
		};
		1A635C6D28127E5E0087425B /* Build configuration list for PBXNativeTarget "testNatch2022UITests" */ = {
			isa = XCConfigurationList;
			buildConfigurations = (
				1A635C6E28127E5E0087425B /* Debug */,
				1A635C6F28127E5E0087425B /* Release */,
			);
			defaultConfigurationIsVisible = 0;
			defaultConfigurationName = Release;
		};
/* End XCConfigurationList section */
	};
	rootObject = 1A635C3528127E5B0087425B /* Project object */;
}
